
Microsoft Visual Studio Solution File, Format Version 12.00
Project("{FAE04EC0-301F-11D3-BF4B-00C04F79EFBC}") = "NpgSqlSample", "NpgSqlSample\NpgSqlSample.csproj", "{4F0D137A-CB42-4A97-AF3E-29A63143A889}"
EndProject
Global
	GlobalSection(SolutionConfigurationPlatforms) = preSolution
		Debug|Any CPU = Debug|Any CPU
		Release|Any CPU = Release|Any CPU
	EndGlobalSection
	GlobalSection(ProjectConfigurationPlatforms) = postSolution
		{4F0D137A-CB42-4A97-AF3E-29A63143A889}.Debug|Any CPU.ActiveCfg = Debug|Any CPU
		{4F0D137A-CB42-4A97-AF3E-29A63143A889}.Debug|Any CPU.Build.0 = Debug|Any CPU
		{4F0D137A-CB42-4A97-AF3E-29A63143A889}.Release|Any CPU.ActiveCfg = Release|Any CPU
		{4F0D137A-CB42-4A97-AF3E-29A63143A889}.Release|Any CPU.Build.0 = Release|Any CPU
	EndGlobalSection
EndGlobal
